
Microsoft Visual Studio Solution File, Format Version 12.00
# Visual Studio 14
VisualStudioVersion = 14.0.25420.1
MinimumVisualStudioVersion = 10.0.40219.1
Project("{2150E333-8FDC-42A3-9474-1A3956D46DE8}") = "src", "src", "{A675A8F8-00F2-41B9-ABC5-A526F24D519A}"
EndProject
Project("{2150E333-8FDC-42A3-9474-1A3956D46DE8}") = "Solution Items", "Solution Items", "{57902C30-975B-44C9-94CE-57F397B5F15B}"
	ProjectSection(SolutionItems) = preProject
		global.json = global.json
	EndProjectSection
EndProject
Project("{8BB2217D-0F2D-49D1-97BC-3654ED321F3B}") = "CheeseMVC", "src\CheeseMVC\CheeseMVC.xproj", "{284D988B-2F6C-4501-B732-EA6708676BE9}"
EndProject
Global
	GlobalSection(SolutionConfigurationPlatforms) = preSolution
		Debug|Any CPU = Debug|Any CPU
		Release|Any CPU = Release|Any CPU
	EndGlobalSection
	GlobalSection(ProjectConfigurationPlatforms) = postSolution
		{284D988B-2F6C-4501-B732-EA6708676BE9}.Debug|Any CPU.ActiveCfg = Debug|Any CPU
		{284D988B-2F6C-4501-B732-EA6708676BE9}.Debug|Any CPU.Build.0 = Debug|Any CPU
		{284D988B-2F6C-4501-B732-EA6708676BE9}.Release|Any CPU.ActiveCfg = Release|Any CPU
		{284D988B-2F6C-4501-B732-EA6708676BE9}.Release|Any CPU.Build.0 = Release|Any CPU
	EndGlobalSection
	GlobalSection(SolutionProperties) = preSolution
		HideSolutionNode = FALSE
	EndGlobalSection
	GlobalSection(NestedProjects) = preSolution
		{284D988B-2F6C-4501-B732-EA6708676BE9} = {A675A8F8-00F2-41B9-ABC5-A526F24D519A}
	EndGlobalSection
EndGlobal
