
Microsoft Visual Studio Solution File, Format Version 12.00
# Visual Studio 14
VisualStudioVersion = 14.0.25420.1
MinimumVisualStudioVersion = 10.0.40219.1
Project("{2150E333-8FDC-42A3-9474-1A3956D46DE8}") = "src", "src", "{2878AEC3-D8EF-4F3F-954C-7208BE610A29}"
EndProject
Project("{8BB2217D-0F2D-49D1-97BC-3654ED321F3B}") = "HelloMVC", "src\HelloMVC\HelloMVC.xproj", "{9AE1C58B-BD14-47B1-A2BF-C53C4CEE50C6}"
EndProject
Global
	GlobalSection(SolutionConfigurationPlatforms) = preSolution
		Debug|Any CPU = Debug|Any CPU
		Release|Any CPU = Release|Any CPU
	EndGlobalSection
	GlobalSection(ProjectConfigurationPlatforms) = postSolution
		{9AE1C58B-BD14-47B1-A2BF-C53C4CEE50C6}.Debug|Any CPU.ActiveCfg = Debug|Any CPU
		{9AE1C58B-BD14-47B1-A2BF-C53C4CEE50C6}.Debug|Any CPU.Build.0 = Debug|Any CPU
		{9AE1C58B-BD14-47B1-A2BF-C53C4CEE50C6}.Release|Any CPU.ActiveCfg = Release|Any CPU
		{9AE1C58B-BD14-47B1-A2BF-C53C4CEE50C6}.Release|Any CPU.Build.0 = Release|Any CPU
	EndGlobalSection
	GlobalSection(SolutionProperties) = preSolution
		HideSolutionNode = FALSE
	EndGlobalSection
	GlobalSection(NestedProjects) = preSolution
		{9AE1C58B-BD14-47B1-A2BF-C53C4CEE50C6} = {2878AEC3-D8EF-4F3F-954C-7208BE610A29}
	EndGlobalSection
EndGlobal
